// !$*UTF8*$!
{
	archiveVersion = 1;
	classes = {
	};
	objectVersion = 46;
	objects = {

/* Begin PBXBuildFile section */
		3E51ACD13B50CEFE579D9D98 /* Pods_DD.framework in Frameworks */ = {isa = PBXBuildFile; fileRef = 04C855087B8A41EC96451FC7 /* Pods_DD.framework */; };
		5A6240921E216162002E6D9A /* AppDelegate.swift in Sources */ = {isa = PBXBuildFile; fileRef = 5A6240911E216162002E6D9A /* AppDelegate.swift */; };
		5A6240971E216162002E6D9A /* Main.storyboard in Resources */ = {isa = PBXBuildFile; fileRef = 5A6240951E216162002E6D9A /* Main.storyboard */; };
		5A6240991E216162002E6D9A /* Assets.xcassets in Resources */ = {isa = PBXBuildFile; fileRef = 5A6240981E216162002E6D9A /* Assets.xcassets */; };
		5A62409C1E216162002E6D9A /* LaunchScreen.storyboard in Resources */ = {isa = PBXBuildFile; fileRef = 5A62409A1E216162002E6D9A /* LaunchScreen.storyboard */; };
		5A6240A71E216162002E6D9A /* DDTests.swift in Sources */ = {isa = PBXBuildFile; fileRef = 5A6240A61E216162002E6D9A /* DDTests.swift */; };
		5A6240B31E21657D002E6D9A /* DDColor.swift in Sources */ = {isa = PBXBuildFile; fileRef = 5A6240B21E21657D002E6D9A /* DDColor.swift */; };
		5A6240B71E216715002E6D9A /* FavoritesViewController.swift in Sources */ = {isa = PBXBuildFile; fileRef = 5A6240B61E216715002E6D9A /* FavoritesViewController.swift */; };
		5A6240BA1E216766002E6D9A /* ExploreViewController.swift in Sources */ = {isa = PBXBuildFile; fileRef = 5A6240B91E216766002E6D9A /* ExploreViewController.swift */; };
		5A6240BD1E216B67002E6D9A /* MapKit.framework in Frameworks */ = {isa = PBXBuildFile; fileRef = 5A6240BC1E216B67002E6D9A /* MapKit.framework */; };
		5A6240BF1E21744B002E6D9A /* AddressViewController.swift in Sources */ = {isa = PBXBuildFile; fileRef = 5A6240BE1E21744B002E6D9A /* AddressViewController.swift */; };
		5A6240C11E21749D002E6D9A /* DDSegueIdentfier.swift in Sources */ = {isa = PBXBuildFile; fileRef = 5A6240C01E21749D002E6D9A /* DDSegueIdentfier.swift */; };
		5A6240C31E21768D002E6D9A /* CoreLocation.framework in Frameworks */ = {isa = PBXBuildFile; fileRef = 5A6240C21E21768D002E6D9A /* CoreLocation.framework */; };
		5AAA56271E2405B4009AE2B3 /* DDRestHelper.swift in Sources */ = {isa = PBXBuildFile; fileRef = 5AAA56261E2405B4009AE2B3 /* DDRestHelper.swift */; };
		5AAA562A1E241655009AE2B3 /* DDBusiness.swift in Sources */ = {isa = PBXBuildFile; fileRef = 5AAA56291E241655009AE2B3 /* DDBusiness.swift */; };
		5AAA562D1E242F06009AE2B3 /* BusinessTableViewCell.swift in Sources */ = {isa = PBXBuildFile; fileRef = 5AAA562B1E242F06009AE2B3 /* BusinessTableViewCell.swift */; };
		5AAA562E1E242F06009AE2B3 /* BusinessTableViewCell.xib in Resources */ = {isa = PBXBuildFile; fileRef = 5AAA562C1E242F06009AE2B3 /* BusinessTableViewCell.xib */; };
		65AA135BC4F4E5A91BCD948E /* Pods_DDTests.framework in Frameworks */ = {isa = PBXBuildFile; fileRef = 4E870314E47DF46C3F803655 /* Pods_DDTests.framework */; };
/* End PBXBuildFile section */

/* Begin PBXContainerItemProxy section */
		5A6240A31E216162002E6D9A /* PBXContainerItemProxy */ = {
			isa = PBXContainerItemProxy;
			containerPortal = 5A6240861E216162002E6D9A /* Project object */;
			proxyType = 1;
			remoteGlobalIDString = 5A62408D1E216162002E6D9A;
			remoteInfo = DD;
		};
/* End PBXContainerItemProxy section */

/* Begin PBXFileReference section */
		04C855087B8A41EC96451FC7 /* Pods_DD.framework */ = {isa = PBXFileReference; explicitFileType = wrapper.framework; includeInIndex = 0; path = Pods_DD.framework; sourceTree = BUILT_PRODUCTS_DIR; };
		29A0BDDFB82AFFDFA83F7B6B /* Pods-DD.debug.xcconfig */ = {isa = PBXFileReference; includeInIndex = 1; lastKnownFileType = text.xcconfig; name = "Pods-DD.debug.xcconfig"; path = "Pods/Target Support Files/Pods-DD/Pods-DD.debug.xcconfig"; sourceTree = "<group>"; };
		3C43AFEDE31CE7C52B0EFC4D /* Pods-DD.release.xcconfig */ = {isa = PBXFileReference; includeInIndex = 1; lastKnownFileType = text.xcconfig; name = "Pods-DD.release.xcconfig"; path = "Pods/Target Support Files/Pods-DD/Pods-DD.release.xcconfig"; sourceTree = "<group>"; };
		430E21E97272351D6A756D61 /* Pods-DDTests.debug.xcconfig */ = {isa = PBXFileReference; includeInIndex = 1; lastKnownFileType = text.xcconfig; name = "Pods-DDTests.debug.xcconfig"; path = "Pods/Target Support Files/Pods-DDTests/Pods-DDTests.debug.xcconfig"; sourceTree = "<group>"; };
		4E870314E47DF46C3F803655 /* Pods_DDTests.framework */ = {isa = PBXFileReference; explicitFileType = wrapper.framework; includeInIndex = 0; path = Pods_DDTests.framework; sourceTree = BUILT_PRODUCTS_DIR; };
		5A62408E1E216162002E6D9A /* DD.app */ = {isa = PBXFileReference; explicitFileType = wrapper.application; includeInIndex = 0; path = DD.app; sourceTree = BUILT_PRODUCTS_DIR; };
		5A6240911E216162002E6D9A /* AppDelegate.swift */ = {isa = PBXFileReference; lastKnownFileType = sourcecode.swift; path = AppDelegate.swift; sourceTree = "<group>"; };
		5A6240961E216162002E6D9A /* Base */ = {isa = PBXFileReference; lastKnownFileType = file.storyboard; name = Base; path = Base.lproj/Main.storyboard; sourceTree = "<group>"; };
		5A6240981E216162002E6D9A /* Assets.xcassets */ = {isa = PBXFileReference; lastKnownFileType = folder.assetcatalog; path = Assets.xcassets; sourceTree = "<group>"; };
		5A62409B1E216162002E6D9A /* Base */ = {isa = PBXFileReference; lastKnownFileType = file.storyboard; name = Base; path = Base.lproj/LaunchScreen.storyboard; sourceTree = "<group>"; };
		5A62409D1E216162002E6D9A /* Info.plist */ = {isa = PBXFileReference; lastKnownFileType = text.plist.xml; path = Info.plist; sourceTree = "<group>"; };
		5A6240A21E216162002E6D9A /* DDTests.xctest */ = {isa = PBXFileReference; explicitFileType = wrapper.cfbundle; includeInIndex = 0; path = DDTests.xctest; sourceTree = BUILT_PRODUCTS_DIR; };
		5A6240A61E216162002E6D9A /* DDTests.swift */ = {isa = PBXFileReference; lastKnownFileType = sourcecode.swift; path = DDTests.swift; sourceTree = "<group>"; };
		5A6240A81E216162002E6D9A /* Info.plist */ = {isa = PBXFileReference; lastKnownFileType = text.plist.xml; path = Info.plist; sourceTree = "<group>"; };
		5A6240B21E21657D002E6D9A /* DDColor.swift */ = {isa = PBXFileReference; fileEncoding = 4; lastKnownFileType = sourcecode.swift; name = DDColor.swift; path = Helpers/DDColor.swift; sourceTree = "<group>"; };
		5A6240B61E216715002E6D9A /* FavoritesViewController.swift */ = {isa = PBXFileReference; fileEncoding = 4; lastKnownFileType = sourcecode.swift; name = FavoritesViewController.swift; path = Resources/FavoritesViewController.swift; sourceTree = "<group>"; };
		5A6240B91E216766002E6D9A /* ExploreViewController.swift */ = {isa = PBXFileReference; fileEncoding = 4; lastKnownFileType = sourcecode.swift; name = ExploreViewController.swift; path = Resources/ExploreViewController.swift; sourceTree = "<group>"; };
		5A6240BC1E216B67002E6D9A /* MapKit.framework */ = {isa = PBXFileReference; lastKnownFileType = wrapper.framework; name = MapKit.framework; path = System/Library/Frameworks/MapKit.framework; sourceTree = SDKROOT; };
		5A6240BE1E21744B002E6D9A /* AddressViewController.swift */ = {isa = PBXFileReference; fileEncoding = 4; lastKnownFileType = sourcecode.swift; name = AddressViewController.swift; path = Resources/AddressViewController.swift; sourceTree = "<group>"; };
		5A6240C01E21749D002E6D9A /* DDSegueIdentfier.swift */ = {isa = PBXFileReference; fileEncoding = 4; lastKnownFileType = sourcecode.swift; name = DDSegueIdentfier.swift; path = Helpers/DDSegueIdentfier.swift; sourceTree = "<group>"; };
		5A6240C21E21768D002E6D9A /* CoreLocation.framework */ = {isa = PBXFileReference; lastKnownFileType = wrapper.framework; name = CoreLocation.framework; path = System/Library/Frameworks/CoreLocation.framework; sourceTree = SDKROOT; };
		5AAA56261E2405B4009AE2B3 /* DDRestHelper.swift */ = {isa = PBXFileReference; fileEncoding = 4; lastKnownFileType = sourcecode.swift; name = DDRestHelper.swift; path = Helpers/DDRestHelper.swift; sourceTree = "<group>"; };
		5AAA56291E241655009AE2B3 /* DDBusiness.swift */ = {isa = PBXFileReference; fileEncoding = 4; lastKnownFileType = sourcecode.swift; name = DDBusiness.swift; path = Models/DDBusiness.swift; sourceTree = "<group>"; };
		5AAA562B1E242F06009AE2B3 /* BusinessTableViewCell.swift */ = {isa = PBXFileReference; fileEncoding = 4; lastKnownFileType = sourcecode.swift; name = BusinessTableViewCell.swift; path = Resources/BusinessTableViewCell.swift; sourceTree = "<group>"; };
		5AAA562C1E242F06009AE2B3 /* BusinessTableViewCell.xib */ = {isa = PBXFileReference; fileEncoding = 4; lastKnownFileType = file.xib; name = BusinessTableViewCell.xib; path = Resources/BusinessTableViewCell.xib; sourceTree = "<group>"; };
		82D94030D7D4B4C00C8D5C47 /* Pods-DDTests.release.xcconfig */ = {isa = PBXFileReference; includeInIndex = 1; lastKnownFileType = text.xcconfig; name = "Pods-DDTests.release.xcconfig"; path = "Pods/Target Support Files/Pods-DDTests/Pods-DDTests.release.xcconfig"; sourceTree = "<group>"; };
/* End PBXFileReference section */

/* Begin PBXFrameworksBuildPhase section */
		5A62408B1E216162002E6D9A /* Frameworks */ = {
			isa = PBXFrameworksBuildPhase;
			buildActionMask = 2147483647;
			files = (
				5A6240C31E21768D002E6D9A /* CoreLocation.framework in Frameworks */,
				5A6240BD1E216B67002E6D9A /* MapKit.framework in Frameworks */,
				3E51ACD13B50CEFE579D9D98 /* Pods_DD.framework in Frameworks */,
			);
			runOnlyForDeploymentPostprocessing = 0;
		};
		5A62409F1E216162002E6D9A /* Frameworks */ = {
			isa = PBXFrameworksBuildPhase;
			buildActionMask = 2147483647;
			files = (
				65AA135BC4F4E5A91BCD948E /* Pods_DDTests.framework in Frameworks */,
			);
			runOnlyForDeploymentPostprocessing = 0;
		};
/* End PBXFrameworksBuildPhase section */

/* Begin PBXGroup section */
		5A6240851E216162002E6D9A = {
			isa = PBXGroup;
			children = (
				5A6240901E216162002E6D9A /* DD */,
				5A6240A51E216162002E6D9A /* DDTests */,
				5A62408F1E216162002E6D9A /* Products */,
				5A6240BB1E216B67002E6D9A /* Frameworks */,
				81196412ACF190FB9D92EB08 /* Pods */,
			);
			sourceTree = "<group>";
		};
		5A62408F1E216162002E6D9A /* Products */ = {
			isa = PBXGroup;
			children = (
				5A62408E1E216162002E6D9A /* DD.app */,
				5A6240A21E216162002E6D9A /* DDTests.xctest */,
			);
			name = Products;
			sourceTree = "<group>";
		};
		5A6240901E216162002E6D9A /* DD */ = {
			isa = PBXGroup;
			children = (
				5AAA56281E24163F009AE2B3 /* Models */,
				5A6240B51E216697002E6D9A /* Misc */,
				5A6240B41E216679002E6D9A /* Resources */,
				5A6240B11E216567002E6D9A /* Helpers */,
			);
			path = DD;
			sourceTree = "<group>";
		};
		5A6240A51E216162002E6D9A /* DDTests */ = {
			isa = PBXGroup;
			children = (
				5A6240A61E216162002E6D9A /* DDTests.swift */,
				5A6240A81E216162002E6D9A /* Info.plist */,
			);
			path = DDTests;
			sourceTree = "<group>";
		};
		5A6240B11E216567002E6D9A /* Helpers */ = {
			isa = PBXGroup;
			children = (
				5A6240B21E21657D002E6D9A /* DDColor.swift */,
				5A6240C01E21749D002E6D9A /* DDSegueIdentfier.swift */,
				5AAA56261E2405B4009AE2B3 /* DDRestHelper.swift */,
			);
			name = Helpers;
			sourceTree = "<group>";
		};
		5A6240B41E216679002E6D9A /* Resources */ = {
			isa = PBXGroup;
			children = (
				5A6240981E216162002E6D9A /* Assets.xcassets */,
				5A62409A1E216162002E6D9A /* LaunchScreen.storyboard */,
				5A6240951E216162002E6D9A /* Main.storyboard */,
				5A6240B91E216766002E6D9A /* ExploreViewController.swift */,
				5A6240B61E216715002E6D9A /* FavoritesViewController.swift */,
				5A6240BE1E21744B002E6D9A /* AddressViewController.swift */,
				5AAA562B1E242F06009AE2B3 /* BusinessTableViewCell.swift */,
				5AAA562C1E242F06009AE2B3 /* BusinessTableViewCell.xib */,
			);
			name = Resources;
			sourceTree = "<group>";
		};
		5A6240B51E216697002E6D9A /* Misc */ = {
			isa = PBXGroup;
			children = (
				5A6240911E216162002E6D9A /* AppDelegate.swift */,
				5A62409D1E216162002E6D9A /* Info.plist */,
			);
			name = Misc;
			sourceTree = "<group>";
		};
		5A6240BB1E216B67002E6D9A /* Frameworks */ = {
			isa = PBXGroup;
			children = (
				5A6240C21E21768D002E6D9A /* CoreLocation.framework */,
				5A6240BC1E216B67002E6D9A /* MapKit.framework */,
				04C855087B8A41EC96451FC7 /* Pods_DD.framework */,
				4E870314E47DF46C3F803655 /* Pods_DDTests.framework */,
			);
			name = Frameworks;
			sourceTree = "<group>";
		};
		5AAA56281E24163F009AE2B3 /* Models */ = {
			isa = PBXGroup;
			children = (
				5AAA56291E241655009AE2B3 /* DDBusiness.swift */,
			);
			name = Models;
			sourceTree = "<group>";
		};
		81196412ACF190FB9D92EB08 /* Pods */ = {
			isa = PBXGroup;
			children = (
				29A0BDDFB82AFFDFA83F7B6B /* Pods-DD.debug.xcconfig */,
				3C43AFEDE31CE7C52B0EFC4D /* Pods-DD.release.xcconfig */,
				430E21E97272351D6A756D61 /* Pods-DDTests.debug.xcconfig */,
				82D94030D7D4B4C00C8D5C47 /* Pods-DDTests.release.xcconfig */,
			);
			name = Pods;
			sourceTree = "<group>";
		};
/* End PBXGroup section */

/* Begin PBXNativeTarget section */
		5A62408D1E216162002E6D9A /* DD */ = {
			isa = PBXNativeTarget;
			buildConfigurationList = 5A6240AB1E216162002E6D9A /* Build configuration list for PBXNativeTarget "DD" */;
			buildPhases = (
				A6C71FD8026C7DBBE2A27283 /* [CP] Check Pods Manifest.lock */,
				5A62408A1E216162002E6D9A /* Sources */,
				5A62408B1E216162002E6D9A /* Frameworks */,
				5A62408C1E216162002E6D9A /* Resources */,
				A3E9A8D02D725C47CA6DF7C4 /* [CP] Embed Pods Frameworks */,
				6434268F033E882F025EF0AB /* [CP] Copy Pods Resources */,
			);
			buildRules = (
			);
			dependencies = (
			);
			name = DD;
			productName = DD;
			productReference = 5A62408E1E216162002E6D9A /* DD.app */;
			productType = "com.apple.product-type.application";
		};
		5A6240A11E216162002E6D9A /* DDTests */ = {
			isa = PBXNativeTarget;
			buildConfigurationList = 5A6240AE1E216162002E6D9A /* Build configuration list for PBXNativeTarget "DDTests" */;
			buildPhases = (
				75810383AF8E1D92040F83EA /* [CP] Check Pods Manifest.lock */,
				5A62409E1E216162002E6D9A /* Sources */,
				5A62409F1E216162002E6D9A /* Frameworks */,
				5A6240A01E216162002E6D9A /* Resources */,
				A05972A205B3E0F799E87EF7 /* [CP] Embed Pods Frameworks */,
				904406CE8B82E3134433787C /* [CP] Copy Pods Resources */,
			);
			buildRules = (
			);
			dependencies = (
				5A6240A41E216162002E6D9A /* PBXTargetDependency */,
			);
			name = DDTests;
			productName = DDTests;
			productReference = 5A6240A21E216162002E6D9A /* DDTests.xctest */;
			productType = "com.apple.product-type.bundle.unit-test";
		};
/* End PBXNativeTarget section */

/* Begin PBXProject section */
		5A6240861E216162002E6D9A /* Project object */ = {
			isa = PBXProject;
			attributes = {
				LastSwiftUpdateCheck = 0820;
				LastUpgradeCheck = 0820;
				ORGANIZATIONNAME = madhan;
				TargetAttributes = {
					5A62408D1E216162002E6D9A = {
						CreatedOnToolsVersion = 8.2;
						DevelopmentTeam = CL43895D58;
						ProvisioningStyle = Automatic;
					};
					5A6240A11E216162002E6D9A = {
						CreatedOnToolsVersion = 8.2;
						ProvisioningStyle = Automatic;
						TestTargetID = 5A62408D1E216162002E6D9A;
					};
				};
			};
			buildConfigurationList = 5A6240891E216162002E6D9A /* Build configuration list for PBXProject "DD" */;
			compatibilityVersion = "Xcode 3.2";
			developmentRegion = English;
			hasScannedForEncodings = 0;
			knownRegions = (
				en,
				Base,
			);
			mainGroup = 5A6240851E216162002E6D9A;
			productRefGroup = 5A62408F1E216162002E6D9A /* Products */;
			projectDirPath = "";
			projectRoot = "";
			targets = (
				5A62408D1E216162002E6D9A /* DD */,
				5A6240A11E216162002E6D9A /* DDTests */,
			);
		};
/* End PBXProject section */

/* Begin PBXResourcesBuildPhase section */
		5A62408C1E216162002E6D9A /* Resources */ = {
			isa = PBXResourcesBuildPhase;
			buildActionMask = 2147483647;
			files = (
				5A62409C1E216162002E6D9A /* LaunchScreen.storyboard in Resources */,
				5AAA562E1E242F06009AE2B3 /* BusinessTableViewCell.xib in Resources */,
				5A6240991E216162002E6D9A /* Assets.xcassets in Resources */,
				5A6240971E216162002E6D9A /* Main.storyboard in Resources */,
			);
			runOnlyForDeploymentPostprocessing = 0;
		};
		5A6240A01E216162002E6D9A /* Resources */ = {
			isa = PBXResourcesBuildPhase;
			buildActionMask = 2147483647;
			files = (
			);
			runOnlyForDeploymentPostprocessing = 0;
		};
/* End PBXResourcesBuildPhase section */

/* Begin PBXShellScriptBuildPhase section */
		6434268F033E882F025EF0AB /* [CP] Copy Pods Resources */ = {
			isa = PBXShellScriptBuildPhase;
			buildActionMask = 2147483647;
			files = (
			);
			inputPaths = (
			);
			name = "[CP] Copy Pods Resources";
			outputPaths = (
			);
			runOnlyForDeploymentPostprocessing = 0;
			shellPath = /bin/sh;
			shellScript = "\"${SRCROOT}/Pods/Target Support Files/Pods-DD/Pods-DD-resources.sh\"\n";
			showEnvVarsInLog = 0;
		};
		75810383AF8E1D92040F83EA /* [CP] Check Pods Manifest.lock */ = {
			isa = PBXShellScriptBuildPhase;
			buildActionMask = 2147483647;
			files = (
			);
			inputPaths = (
			);
			name = "[CP] Check Pods Manifest.lock";
			outputPaths = (
			);
			runOnlyForDeploymentPostprocessing = 0;
			shellPath = /bin/sh;
			shellScript = "diff \"${PODS_ROOT}/../Podfile.lock\" \"${PODS_ROOT}/Manifest.lock\" > /dev/null\nif [ $? != 0 ] ; then\n    # print error to STDERR\n    echo \"error: The sandbox is not in sync with the Podfile.lock. Run 'pod install' or update your CocoaPods installation.\" >&2\n    exit 1\nfi\n";
			showEnvVarsInLog = 0;
		};
		904406CE8B82E3134433787C /* [CP] Copy Pods Resources */ = {
			isa = PBXShellScriptBuildPhase;
			buildActionMask = 2147483647;
			files = (
			);
			inputPaths = (
			);
			name = "[CP] Copy Pods Resources";
			outputPaths = (
			);
			runOnlyForDeploymentPostprocessing = 0;
			shellPath = /bin/sh;
			shellScript = "\"${SRCROOT}/Pods/Target Support Files/Pods-DDTests/Pods-DDTests-resources.sh\"\n";
			showEnvVarsInLog = 0;
		};
		A05972A205B3E0F799E87EF7 /* [CP] Embed Pods Frameworks */ = {
			isa = PBXShellScriptBuildPhase;
			buildActionMask = 2147483647;
			files = (
			);
			inputPaths = (
			);
			name = "[CP] Embed Pods Frameworks";
			outputPaths = (
			);
			runOnlyForDeploymentPostprocessing = 0;
			shellPath = /bin/sh;
			shellScript = "\"${SRCROOT}/Pods/Target Support Files/Pods-DDTests/Pods-DDTests-frameworks.sh\"\n";
			showEnvVarsInLog = 0;
		};
		A3E9A8D02D725C47CA6DF7C4 /* [CP] Embed Pods Frameworks */ = {
			isa = PBXShellScriptBuildPhase;
			buildActionMask = 2147483647;
			files = (
			);
			inputPaths = (
			);
			name = "[CP] Embed Pods Frameworks";
			outputPaths = (
			);
			runOnlyForDeploymentPostprocessing = 0;
			shellPath = /bin/sh;
			shellScript = "\"${SRCROOT}/Pods/Target Support Files/Pods-DD/Pods-DD-frameworks.sh\"\n";
			showEnvVarsInLog = 0;
		};
		A6C71FD8026C7DBBE2A27283 /* [CP] Check Pods Manifest.lock */ = {
			isa = PBXShellScriptBuildPhase;
			buildActionMask = 2147483647;
			files = (
			);
			inputPaths = (
			);
			name = "[CP] Check Pods Manifest.lock";
			outputPaths = (
			);
			runOnlyForDeploymentPostprocessing = 0;
			shellPath = /bin/sh;
			shellScript = "diff \"${PODS_ROOT}/../Podfile.lock\" \"${PODS_ROOT}/Manifest.lock\" > /dev/null\nif [ $? != 0 ] ; then\n    # print error to STDERR\n    echo \"error: The sandbox is not in sync with the Podfile.lock. Run 'pod install' or update your CocoaPods installation.\" >&2\n    exit 1\nfi\n";
			showEnvVarsInLog = 0;
		};
/* End PBXShellScriptBuildPhase section */

/* Begin PBXSourcesBuildPhase section */
		5A62408A1E216162002E6D9A /* Sources */ = {
			isa = PBXSourcesBuildPhase;
			buildActionMask = 2147483647;
			files = (
				5A6240BA1E216766002E6D9A /* ExploreViewController.swift in Sources */,
				5A6240B31E21657D002E6D9A /* DDColor.swift in Sources */,
				5A6240B71E216715002E6D9A /* FavoritesViewController.swift in Sources */,
				5A6240BF1E21744B002E6D9A /* AddressViewController.swift in Sources */,
				5A6240C11E21749D002E6D9A /* DDSegueIdentfier.swift in Sources */,
				5AAA562D1E242F06009AE2B3 /* BusinessTableViewCell.swift in Sources */,
				5AAA562A1E241655009AE2B3 /* DDBusiness.swift in Sources */,
				5AAA56271E2405B4009AE2B3 /* DDRestHelper.swift in Sources */,
				5A6240921E216162002E6D9A /* AppDelegate.swift in Sources */,
			);
			runOnlyForDeploymentPostprocessing = 0;
		};
		5A62409E1E216162002E6D9A /* Sources */ = {
			isa = PBXSourcesBuildPhase;
			buildActionMask = 2147483647;
			files = (
				5A6240A71E216162002E6D9A /* DDTests.swift in Sources */,
			);
			runOnlyForDeploymentPostprocessing = 0;
		};
/* End PBXSourcesBuildPhase section */

/* Begin PBXTargetDependency section */
		5A6240A41E216162002E6D9A /* PBXTargetDependency */ = {
			isa = PBXTargetDependency;
			target = 5A62408D1E216162002E6D9A /* DD */;
			targetProxy = 5A6240A31E216162002E6D9A /* PBXContainerItemProxy */;
		};
/* End PBXTargetDependency section */

/* Begin PBXVariantGroup section */
		5A6240951E216162002E6D9A /* Main.storyboard */ = {
			isa = PBXVariantGroup;
			children = (
				5A6240961E216162002E6D9A /* Base */,
			);
			name = Main.storyboard;
			sourceTree = "<group>";
		};
		5A62409A1E216162002E6D9A /* LaunchScreen.storyboard */ = {
			isa = PBXVariantGroup;
			children = (
				5A62409B1E216162002E6D9A /* Base */,
			);
			name = LaunchScreen.storyboard;
			sourceTree = "<group>";
		};
/* End PBXVariantGroup section */

/* Begin XCBuildConfiguration section */
		5A6240A91E216162002E6D9A /* Debug */ = {
			isa = XCBuildConfiguration;
			buildSettings = {
				ALWAYS_SEARCH_USER_PATHS = NO;
				CLANG_ANALYZER_NONNULL = YES;
				CLANG_CXX_LANGUAGE_STANDARD = "gnu++0x";
				CLANG_CXX_LIBRARY = "libc++";
				CLANG_ENABLE_MODULES = YES;
				CLANG_ENABLE_OBJC_ARC = YES;
				CLANG_WARN_BOOL_CONVERSION = YES;
				CLANG_WARN_CONSTANT_CONVERSION = YES;
				CLANG_WARN_DIRECT_OBJC_ISA_USAGE = YES_ERROR;
				CLANG_WARN_DOCUMENTATION_COMMENTS = YES;
				CLANG_WARN_EMPTY_BODY = YES;
				CLANG_WARN_ENUM_CONVERSION = YES;
				CLANG_WARN_INFINITE_RECURSION = YES;
				CLANG_WARN_INT_CONVERSION = YES;
				CLANG_WARN_OBJC_ROOT_CLASS = YES_ERROR;
				CLANG_WARN_SUSPICIOUS_MOVE = YES;
				CLANG_WARN_UNREACHABLE_CODE = YES;
				CLANG_WARN__DUPLICATE_METHOD_MATCH = YES;
				"CODE_SIGN_IDENTITY[sdk=iphoneos*]" = "iPhone Developer";
				COPY_PHASE_STRIP = NO;
				DEBUG_INFORMATION_FORMAT = dwarf;
				ENABLE_STRICT_OBJC_MSGSEND = YES;
				ENABLE_TESTABILITY = YES;
				GCC_C_LANGUAGE_STANDARD = gnu99;
				GCC_DYNAMIC_NO_PIC = NO;
				GCC_NO_COMMON_BLOCKS = YES;
				GCC_OPTIMIZATION_LEVEL = 0;
				GCC_PREPROCESSOR_DEFINITIONS = (
					"DEBUG=1",
					"$(inherited)",
				);
				GCC_WARN_64_TO_32_BIT_CONVERSION = YES;
				GCC_WARN_ABOUT_RETURN_TYPE = YES_ERROR;
				GCC_WARN_UNDECLARED_SELECTOR = YES;
				GCC_WARN_UNINITIALIZED_AUTOS = YES_AGGRESSIVE;
				GCC_WARN_UNUSED_FUNCTION = YES;
				GCC_WARN_UNUSED_VARIABLE = YES;
				IPHONEOS_DEPLOYMENT_TARGET = 10.2;
				MTL_ENABLE_DEBUG_INFO = YES;
				ONLY_ACTIVE_ARCH = YES;
				SDKROOT = iphoneos;
				SWIFT_ACTIVE_COMPILATION_CONDITIONS = DEBUG;
				SWIFT_OPTIMIZATION_LEVEL = "-Onone";
				TARGETED_DEVICE_FAMILY = "1,2";
			};
			name = Debug;
		};
		5A6240AA1E216162002E6D9A /* Release */ = {
			isa = XCBuildConfiguration;
			buildSettings = {
				ALWAYS_SEARCH_USER_PATHS = NO;
				CLANG_ANALYZER_NONNULL = YES;
				CLANG_CXX_LANGUAGE_STANDARD = "gnu++0x";
				CLANG_CXX_LIBRARY = "libc++";
				CLANG_ENABLE_MODULES = YES;
				CLANG_ENABLE_OBJC_ARC = YES;
				CLANG_WARN_BOOL_CONVERSION = YES;
				CLANG_WARN_CONSTANT_CONVERSION = YES;
				CLANG_WARN_DIRECT_OBJC_ISA_USAGE = YES_ERROR;
				CLANG_WARN_DOCUMENTATION_COMMENTS = YES;
				CLANG_WARN_EMPTY_BODY = YES;
				CLANG_WARN_ENUM_CONVERSION = YES;
				CLANG_WARN_INFINITE_RECURSION = YES;
				CLANG_WARN_INT_CONVERSION = YES;
				CLANG_WARN_OBJC_ROOT_CLASS = YES_ERROR;
				CLANG_WARN_SUSPICIOUS_MOVE = YES;
				CLANG_WARN_UNREACHABLE_CODE = YES;
				CLANG_WARN__DUPLICATE_METHOD_MATCH = YES;
				"CODE_SIGN_IDENTITY[sdk=iphoneos*]" = "iPhone Developer";
				COPY_PHASE_STRIP = NO;
				DEBUG_INFORMATION_FORMAT = "dwarf-with-dsym";
				ENABLE_NS_ASSERTIONS = NO;
				ENABLE_STRICT_OBJC_MSGSEND = YES;
				GCC_C_LANGUAGE_STANDARD = gnu99;
				GCC_NO_COMMON_BLOCKS = YES;
				GCC_WARN_64_TO_32_BIT_CONVERSION = YES;
				GCC_WARN_ABOUT_RETURN_TYPE = YES_ERROR;
				GCC_WARN_UNDECLARED_SELECTOR = YES;
				GCC_WARN_UNINITIALIZED_AUTOS = YES_AGGRESSIVE;
				GCC_WARN_UNUSED_FUNCTION = YES;
				GCC_WARN_UNUSED_VARIABLE = YES;
				IPHONEOS_DEPLOYMENT_TARGET = 10.2;
				MTL_ENABLE_DEBUG_INFO = NO;
				SDKROOT = iphoneos;
				SWIFT_OPTIMIZATION_LEVEL = "-Owholemodule";
				TARGETED_DEVICE_FAMILY = "1,2";
				VALIDATE_PRODUCT = YES;
			};
			name = Release;
		};
		5A6240AC1E216162002E6D9A /* Debug */ = {
			isa = XCBuildConfiguration;
			baseConfigurationReference = 29A0BDDFB82AFFDFA83F7B6B /* Pods-DD.debug.xcconfig */;
			buildSettings = {
				ASSETCATALOG_COMPILER_APPICON_NAME = AppIcon;
				DEVELOPMENT_TEAM = CL43895D58;
				INFOPLIST_FILE = DD/Info.plist;
				LD_RUNPATH_SEARCH_PATHS = "$(inherited) @executable_path/Frameworks";
				PRODUCT_BUNDLE_IDENTIFIER = com.madhan.DD;
				PRODUCT_NAME = "$(TARGET_NAME)";
				SWIFT_VERSION = 3.0;
			};
			name = Debug;
		};
		5A6240AD1E216162002E6D9A /* Release */ = {
			isa = XCBuildConfiguration;
			baseConfigurationReference = 3C43AFEDE31CE7C52B0EFC4D /* Pods-DD.release.xcconfig */;
			buildSettings = {
				ASSETCATALOG_COMPILER_APPICON_NAME = AppIcon;
				DEVELOPMENT_TEAM = CL43895D58;
				INFOPLIST_FILE = DD/Info.plist;
				LD_RUNPATH_SEARCH_PATHS = "$(inherited) @executable_path/Frameworks";
				PRODUCT_BUNDLE_IDENTIFIER = com.madhan.DD;
				PRODUCT_NAME = "$(TARGET_NAME)";
				SWIFT_VERSION = 3.0;
			};
			name = Release;
		};
		5A6240AF1E216162002E6D9A /* Debug */ = {
			isa = XCBuildConfiguration;
			baseConfigurationReference = 430E21E97272351D6A756D61 /* Pods-DDTests.debug.xcconfig */;
			buildSettings = {
				ALWAYS_EMBED_SWIFT_STANDARD_LIBRARIES = YES;
				BUNDLE_LOADER = "$(TEST_HOST)";
				INFOPLIST_FILE = DDTests/Info.plist;
				LD_RUNPATH_SEARCH_PATHS = "$(inherited) @executable_path/Frameworks @loader_path/Frameworks";
				PRODUCT_BUNDLE_IDENTIFIER = com.madhan.DDTests;
				PRODUCT_NAME = "$(TARGET_NAME)";
				SWIFT_VERSION = 3.0;
				TEST_HOST = "$(BUILT_PRODUCTS_DIR)/DD.app/DD";
			};
			name = Debug;
		};
		5A6240B01E216162002E6D9A /* Release */ = {
			isa = XCBuildConfiguration;
			baseConfigurationReference = 82D94030D7D4B4C00C8D5C47 /* Pods-DDTests.release.xcconfig */;
			buildSettings = {
				ALWAYS_EMBED_SWIFT_STANDARD_LIBRARIES = YES;
				BUNDLE_LOADER = "$(TEST_HOST)";
				INFOPLIST_FILE = DDTests/Info.plist;
				LD_RUNPATH_SEARCH_PATHS = "$(inherited) @executable_path/Frameworks @loader_path/Frameworks";
				PRODUCT_BUNDLE_IDENTIFIER = com.madhan.DDTests;
				PRODUCT_NAME = "$(TARGET_NAME)";
				SWIFT_VERSION = 3.0;
				TEST_HOST = "$(BUILT_PRODUCTS_DIR)/DD.app/DD";
			};
			name = Release;
		};
/* End XCBuildConfiguration section */

/* Begin XCConfigurationList section */
		5A6240891E216162002E6D9A /* Build configuration list for PBXProject "DD" */ = {
			isa = XCConfigurationList;
			buildConfigurations = (
				5A6240A91E216162002E6D9A /* Debug */,
				5A6240AA1E216162002E6D9A /* Release */,
			);
			defaultConfigurationIsVisible = 0;
			defaultConfigurationName = Release;
		};
		5A6240AB1E216162002E6D9A /* Build configuration list for PBXNativeTarget "DD" */ = {
			isa = XCConfigurationList;
			buildConfigurations = (
				5A6240AC1E216162002E6D9A /* Debug */,
				5A6240AD1E216162002E6D9A /* Release */,
			);
			defaultConfigurationIsVisible = 0;
			defaultConfigurationName = Release;
		};
		5A6240AE1E216162002E6D9A /* Build configuration list for PBXNativeTarget "DDTests" */ = {
			isa = XCConfigurationList;
			buildConfigurations = (
				5A6240AF1E216162002E6D9A /* Debug */,
				5A6240B01E216162002E6D9A /* Release */,
			);
			defaultConfigurationIsVisible = 0;
			defaultConfigurationName = Release;
		};
/* End XCConfigurationList section */
	};
	rootObject = 5A6240861E216162002E6D9A /* Project object */;
}
